
Microsoft Visual Studio Solution File, Format Version 12.00
# Visual Studio 14
VisualStudioVersion = 14.0.25420.1
MinimumVisualStudioVersion = 10.0.40219.1
Project("{FAE04EC0-301F-11D3-BF4B-00C04F79EFBC}") = "RssReader", "RssReader\RssReader.csproj", "{562F19A3-2613-4914-BAF9-9B3A38B801F2}"
EndProject
Project("{FAE04EC0-301F-11D3-BF4B-00C04F79EFBC}") = "Shared", "Shared\Shared.csproj", "{39FDB50F-152B-46E5-9F44-6F42B9322C21}"
EndProject
Project("{FAE04EC0-301F-11D3-BF4B-00C04F79EFBC}") = "SharedTest", "SharedTest\SharedTest.csproj", "{CA1F54C2-2A41-4451-BCA4-25CC3EDBFFBC}"
EndProject
Global
	GlobalSection(SolutionConfigurationPlatforms) = preSolution
		Debug|Any CPU = Debug|Any CPU
		Release|Any CPU = Release|Any CPU
	EndGlobalSection
	GlobalSection(ProjectConfigurationPlatforms) = postSolution
		{562F19A3-2613-4914-BAF9-9B3A38B801F2}.Debug|Any CPU.ActiveCfg = Debug|Any CPU
		{562F19A3-2613-4914-BAF9-9B3A38B801F2}.Debug|Any CPU.Build.0 = Debug|Any CPU
		{562F19A3-2613-4914-BAF9-9B3A38B801F2}.Release|Any CPU.ActiveCfg = Release|Any CPU
		{562F19A3-2613-4914-BAF9-9B3A38B801F2}.Release|Any CPU.Build.0 = Release|Any CPU
		{39FDB50F-152B-46E5-9F44-6F42B9322C21}.Debug|Any CPU.ActiveCfg = Debug|Any CPU
		{39FDB50F-152B-46E5-9F44-6F42B9322C21}.Debug|Any CPU.Build.0 = Debug|Any CPU
		{39FDB50F-152B-46E5-9F44-6F42B9322C21}.Release|Any CPU.ActiveCfg = Release|Any CPU
		{39FDB50F-152B-46E5-9F44-6F42B9322C21}.Release|Any CPU.Build.0 = Release|Any CPU
		{CA1F54C2-2A41-4451-BCA4-25CC3EDBFFBC}.Debug|Any CPU.ActiveCfg = Debug|Any CPU
		{CA1F54C2-2A41-4451-BCA4-25CC3EDBFFBC}.Debug|Any CPU.Build.0 = Debug|Any CPU
		{CA1F54C2-2A41-4451-BCA4-25CC3EDBFFBC}.Release|Any CPU.ActiveCfg = Release|Any CPU
		{CA1F54C2-2A41-4451-BCA4-25CC3EDBFFBC}.Release|Any CPU.Build.0 = Release|Any CPU
	EndGlobalSection
	GlobalSection(SolutionProperties) = preSolution
		HideSolutionNode = FALSE
	EndGlobalSection
EndGlobal
